{
    "_meta": {
        "hash": {
            "sha256": "1cbde2a10b0ee831ffb814af7db3f34cbfb9204107b5f7e35d63a5a4c638ebe1"
        },
        "pipfile-spec": 6,
        "requires": {
            "python_version": "3.10"
        },
        "sources": [
            {
                "name": "pypi",
                "url": "https://pypi.org/simple",
                "verify_ssl": true
            }
        ]
    },
    "default": {
        "pygame": {
            "hashes": [
                "sha256:0227728f2ef751fac43b89f4bcc5c65ce39c855b2a3391ddf2e6024dd667e6bd",
                "sha256:02a26b3be6cc478f18f4efa506ee5a585f68350857ac5e68e187301e943e3d6d",
                "sha256:0d2f80b501aacd74a660d4422793ea1cd4e209bee385aac18d0a07bd671511ee",
                "sha256:15d4e42214f93d8c60120e16b690ad03da7f0b3b66f75db8966bccf8c66c4690",
                "sha256:232e51104db0e573221660d172af8e6fc2c0fda183c5dbf2aa52170f29aa9ec9",
                "sha256:2bfefabe78bda7a1bfba253cbe2131038402ce2b32e4218feeba6431fe429abb",
                "sha256:32cb64627c2eb5c4c067ffe614e08ccb8987d096100d225e070dddce05725b63",
                "sha256:3804476fab6ec7230aa817ee5c3b378ba956321fdd5f91f51c97452c588869d2",
                "sha256:38b5a43ab02c162501e62b857ff2cb128076b0786dd4e1d8bea63db8326f9da1",
                "sha256:3d5a76fa826202182d989e8399fca0c3c163fbb4f8ece773e77955a7a62cbed3",
                "sha256:472b81ba6b61ffe5879ac3d0da2e5cb235e0e4da471ad4038f013a7710ab53ab",
                "sha256:49e5fb589a86169aa95b83d3429ee034799792374e13dbc0da83091d86365a4b",
                "sha256:4ab5aba8677d135b94c4714e8256efdfffefc164f354a4d05b846588caf43b99",
                "sha256:4eff1db92d53dc2e49ed832dd6c76530e1e2b5954eef091f6af41b41d2d5c3ac",
                "sha256:4f73058569573af12c8181e032745f11d85f0799510965d938b1f16c7f13afcb",
                "sha256:53c6fa767e3eef52d403eda5d032e48b6040ccce03fbd64af2f71843168118da",
                "sha256:594234050b50b57c538842155dc3095c9d4f994266325adb4dd008aee526157f",
                "sha256:59a5461ef317e4d233d1bb5ce63311ccad3e911a652bda159d3922351050158c",
                "sha256:5a3edc8211d0cf39d1e4d7ded1a0727c53aeb21205963f184199521708bbb05c",
                "sha256:5d36d530a8994c5bb8889816981f82b7942d8ec7651ca1d922d01302c1feecd2",
                "sha256:5eb3dede55d005adea8504f8c9230b9dc2c84c1c728efe93a9718fa1af824dc8",
                "sha256:646e871ff5ab7f933cde5ea2bff7b6cd74d7369f43e84a291baebe00bb9a8f6f",
                "sha256:64ec45215c2cfc4051bb0f58d26aee3b50a39b1b0a2e6fe8417bb352a6443aad",
                "sha256:692fe4498c353d663d45d05354fb47c9f6bf324d10b53844b9ed7f60e6c8cefa",
                "sha256:6efa3fa472acb97c784224b59a89e80da6231f0dbf54df8442ffa3352c0534d6",
                "sha256:70a11eec9bae6e8970c5bc4b3d0908eb2c42d4bd4ed488e41e49774b7cb41f57",
                "sha256:7281366b4ebd7f16eac8ec6a6e2adb4c729beda178ea82637d9981e93dd40c9b",
                "sha256:7a305dcf44f03a8dd7baefb97dc24949d7e719fd686cd3211121639aec4ce464",
                "sha256:847b4bc22edb1d77c992b5d56b19e1ab52e14687adb8bc3ed12a8a98fbd7e1ff",
                "sha256:85844714f82a5379100825473b1a7b24192b4a944aed3128da9386e26adc3bed",
                "sha256:86c66b917afc6330a91ac8c7169c36c77ec536578d1d7724644d41f904e2d146",
                "sha256:88a2dabe617e6173003b65762c636947719da3e2d881a4ea47298e8d70886386",
                "sha256:9284e76923777c21b8bea19d8528be9cd62d0915139ed3c3cde6c43f849466f5",
                "sha256:987c0d5fcd7737c31b35df06f78932c48eeff2c97473001e224fdebd3292b2db",
                "sha256:9a81d057a7dea95850e44118f141a892fde93c938ccb08fbc5dd7f1a26c2f1fe",
                "sha256:9b2ad10ffaa226ca40ae229143b0a118426aff42e2459b626d355846c59a765d",
                "sha256:a0842458b49257ab539b7b6622a242cabcddcb61178b8ae074aaceb890be75b6",
                "sha256:a0ab3e4763e0cebf08c55154f4167cdae3683674604a71e1437123225f2a9b36",
                "sha256:ada3d33e7e6907d5c3bf771dc58c47ee6994a1e28fed55e4f8f8b817367beb8f",
                "sha256:add546fcbf8954f00647f5e7d595ab9389f6a7542a99fc5dca514e14fd799773",
                "sha256:b0e405fdde643f14d60c2dd140f110a5a38f588396a8b61a1a86374f25cba589",
                "sha256:b0e96c0f68f6bb88da216765920c6dbc55ae83e70435d8ebac87d271fc058646",
                "sha256:b400edd7391972e75b4243113089d6ea10b032e1306e8721efabb36d33c2d0f2",
                "sha256:b545634f96132af1d31dcb873cf03a9c4a5654ae39d9ee126db0b2eba2806788",
                "sha256:ba5bf655c892bbf4a9bafb4fcbc4c71023cc9a65f0cae0f3eba09a11018a858e",
                "sha256:bb55368d455ab9518b97febd33a8d417988397b019c9408993be034e0b5a7db6",
                "sha256:c1eb91198fc47c2e4fdc19c544b5d94534a70fd877f5c342228feb05e9fc4bef",
                "sha256:c28c6f764aa03a0245db12346f1da327c6f49bcc20e53aefec6eed57e4fbe1ce",
                "sha256:c6ee571995527e779b46cafee7ebef2dceb1a9c375143828e019293ff0efa167",
                "sha256:c84a93e6d33dafce9e25080ac557342333e15ef7e378ba84cb6181c52a8fd663",
                "sha256:d4061ac4e81bb36ec8f0a7027582c1c4dd32a939882e008165627103cb0b3985",
                "sha256:d5c62fbdb30082f7e1dcfa253da48e7b4be7342d275b34b2efa51f6cffc5942b",
                "sha256:e533f4bf9dc1a91cfd608b9bfb028c6a92383e731c502660933f0f9b812045a6",
                "sha256:e9368c105a8bccc8adfe7fd7fa5220d2b6c03979a3a57a8178c42f6fa9914ebc",
                "sha256:f628f9f26c8dadf72fabc9ae0ce5fe7f60d76be71a3407abc756b4d1fd030fa0",
                "sha256:f8379052cfbc278b11e31bc97f2e7f5998959c50837c4d54f4e424a541e0c5d9",
                "sha256:fad7b5351931cb68d19d7ecc0b21021fe23237d8fba8c455b5af4a79e1c7c536",
                "sha256:fdd488daa4ad33748d5ea806e311bfe01b9cc506def5288400072fcd66d226cf"
            ],
            "index": "pypi",
            "version": "==2.1.0"
        }
    },
    "develop": {
        "astroid": {
            "hashes": [
                "sha256:951798f922990137ac090c53af473db7ab4e70c770e6d7fae0cec59f74411819",
                "sha256:ac248253bfa4bd924a0de213707e7ebeeb3138abeb48d798784ead1e56d419d4"
            ],
            "markers": "python_full_version >= '3.8.0'",
            "version": "==3.1.0"
        },
        "attrs": {
            "hashes": [
                "sha256:935dc3b529c262f6cf76e50877d35a4bd3c1de194fd41f47a2b7ae8f19971f30",
                "sha256:99b87a485a5820b23b879f04c2305b44b951b502fd64be915879d77a7e8fc6f1"
            ],
            "markers": "python_version >= '3.7'",
            "version": "==23.2.0"
        },
        "black": {
            "hashes": [
                "sha256:1bb9ca06e556a09f7f7177bc7cb604e5ed2d2df1e9119e4f7d2f1f7071c32e5d",
                "sha256:21f9407063ec71c5580b8ad975653c66508d6a9f57bd008bb8691d273705adcd",
                "sha256:4396ca365a4310beef84d446ca5016f671b10f07abdba3e4e4304218d2c71d33",
                "sha256:44d99dfdf37a2a00a6f7a8dcbd19edf361d056ee51093b2445de7ca09adac965",
                "sha256:5cd5b4f76056cecce3e69b0d4c228326d2595f506797f40b9233424e2524c070",
                "sha256:64578cf99b6b46a6301bc28bdb89f9d6f9b592b1c5837818a177c98525dbe397",
                "sha256:64e60a7edd71fd542a10a9643bf369bfd2644de95ec71e86790b063aa02ff745",
                "sha256:652e55bb722ca026299eb74e53880ee2315b181dfdd44dca98e43448620ddec1",
                "sha256:6644f97a7ef6f401a150cca551a1ff97e03c25d8519ee0bbc9b0058772882665",
                "sha256:6ad001a9ddd9b8dfd1b434d566be39b1cd502802c8d38bbb1ba612afda2ef436",
                "sha256:71d998b73c957444fb7c52096c3843875f4b6b47a54972598741fe9a7f737fcb",
                "sha256:74eb9b5420e26b42c00a3ff470dc0cd144b80a766128b1771d07643165e08d0e",
                "sha256:75a2d0b4f5eb81f7eebc31f788f9830a6ce10a68c91fbe0fade34fff7a2836e6",
                "sha256:7852b05d02b5b9a8c893ab95863ef8986e4dda29af80bbbda94d7aee1abf8702",
                "sha256:7f2966b9b2b3b7104fca9d75b2ee856fe3fdd7ed9e47c753a4bb1a675f2caab8",
                "sha256:8e5537f456a22cf5cfcb2707803431d2feeb82ab3748ade280d6ccd0b40ed2e8",
                "sha256:d4e71cdebdc8efeb6deaf5f2deb28325f8614d48426bed118ecc2dcaefb9ebf3",
                "sha256:dae79397f367ac8d7adb6c779813328f6d690943f64b32983e896bcccd18cbad",
                "sha256:e3a3a092b8b756c643fe45f4624dbd5a389f770a4ac294cf4d0fce6af86addaf",
                "sha256:eb949f56a63c5e134dfdca12091e98ffb5fd446293ebae123d10fc1abad00b9e",
                "sha256:f07b69fda20578367eaebbd670ff8fc653ab181e1ff95d84497f9fa20e7d0641",
                "sha256:f95cece33329dc4aa3b0e1a771c41075812e46cf3d6e3f1dfe3d91ff09826ed2"
            ],
            "index": "pypi",
            "version": "==24.4.0"
        },
        "click": {
            "hashes": [
                "sha256:ae74fb96c20a0277a1d615f1e4d73c8414f5a98db8b799a7931d1582f3390c28",
                "sha256:ca9853ad459e787e2192211578cc907e7594e294c7ccc834310722b41b9ca6de"
            ],
            "markers": "python_version >= '3.7'",
            "version": "==8.1.7"
        },
        "dill": {
            "hashes": [
                "sha256:3ebe3c479ad625c4553aca177444d89b486b1d84982eeacded644afc0cf797ca",
                "sha256:c36ca9ffb54365bdd2f8eb3eff7d2a21237f8452b57ace88b1ac615b7e815bd7"
            ],
            "markers": "python_version < '3.11'",
            "version": "==0.3.8"
        },
        "iniconfig": {
            "hashes": [
                "sha256:2d91e135bf72d31a410b17c16da610a82cb55f6b0477d1a902134b24a455b8b3",
                "sha256:b6a85871a79d2e3b22d2d1b94ac2824226a63c6b741c88f7ae975f18b6778374"
            ],
            "markers": "python_version >= '3.7'",
            "version": "==2.0.0"
        },
        "isort": {
            "hashes": [
                "sha256:48fdfcb9face5d58a4f6dde2e72a1fb8dcaf8ab26f95ab49fab84c2ddefb0109",
                "sha256:8ca5e72a8d85860d5a3fa69b8745237f2939afe12dbf656afbcb47fe72d947a6"
            ],
            "markers": "python_full_version >= '3.8.0'",
            "version": "==5.13.2"
        },
        "mccabe": {
            "hashes": [
                "sha256:348e0240c33b60bbdf4e523192ef919f28cb2c3d7d5c7794f74009290f236325",
                "sha256:6c2d30ab6be0e4a46919781807b4f0d834ebdd6c6e3dca0bda5a15f863427b6e"
            ],
            "markers": "python_version >= '3.6'",
            "version": "==0.7.0"
        },
        "mypy": {
            "hashes": [
                "sha256:088cd9c7904b4ad80bec811053272986611b84221835e079be5bcad029e79dd9",
                "sha256:0aadfb2d3935988ec3815952e44058a3100499f5be5b28c34ac9d79f002a4a9a",
                "sha256:119bed3832d961f3a880787bf621634ba042cb8dc850a7429f643508eeac97b9",
                "sha256:1a85e280d4d217150ce8cb1a6dddffd14e753a4e0c3cf90baabb32cefa41b59e",
                "sha256:3c4b8ca36877fc75339253721f69603a9c7fdb5d4d5a95a1a1b899d8b86a4de2",
                "sha256:3e382b29f8e0ccf19a2df2b29a167591245df90c0b5a2542249873b5c1d78212",
                "sha256:42c266ced41b65ed40a282c575705325fa7991af370036d3f134518336636f5b",
                "sha256:53fd2eb27a8ee2892614370896956af2ff61254c275aaee4c230ae771cadd885",
                "sha256:704098302473cb31a218f1775a873b376b30b4c18229421e9e9dc8916fd16150",
                "sha256:7df1ead20c81371ccd6091fa3e2878559b5c4d4caadaf1a484cf88d93ca06703",
                "sha256:866c41f28cee548475f146aa4d39a51cf3b6a84246969f3759cb3e9c742fc072",
                "sha256:a155d80ea6cee511a3694b108c4494a39f42de11ee4e61e72bc424c490e46457",
                "sha256:adaeee09bfde366d2c13fe6093a7df5df83c9a2ba98638c7d76b010694db760e",
                "sha256:b6fb13123aeef4a3abbcfd7e71773ff3ff1526a7d3dc538f3929a49b42be03f0",
                "sha256:b94e4b785e304a04ea0828759172a15add27088520dc7e49ceade7834275bedb",
                "sha256:c0df2d30ed496a08de5daed2a9ea807d07c21ae0ab23acf541ab88c24b26ab97",
                "sha256:c6c2602dffb74867498f86e6129fd52a2770c48b7cd3ece77ada4fa38f94eba8",
                "sha256:ceb6e0a6e27fb364fb3853389607cf7eb3a126ad335790fa1e14ed02fba50811",
                "sha256:d9dd839eb0dc1bbe866a288ba3c1afc33a202015d2ad83b31e875b5905a079b6",
                "sha256:e4dab234478e3bd3ce83bac4193b2ecd9cf94e720ddd95ce69840273bf44f6de",
                "sha256:ec4e0cd079db280b6bdabdc807047ff3e199f334050db5cbb91ba3e959a67504",
                "sha256:ecd2c3fe726758037234c93df7e98deb257fd15c24c9180dacf1ef829da5f921",
                "sha256:ef565033fa5a958e62796867b1df10c40263ea9ded87164d67572834e57a174d"
            ],
            "index": "pypi",
            "version": "==0.910"
        },
        "mypy-extensions": {
            "hashes": [
                "sha256:c8b707883a96efe9b4bb3aaf0dcc07e7e217d7d8368eec4db4049ee9e142f4fd"
            ],
            "markers": "python_version >= '2.7'",
            "version": "==0.4.4"
        },
        "packaging": {
            "hashes": [
                "sha256:2ddfb553fdf02fb784c234c7ba6ccc288296ceabec964ad2eae3777778130bc5",
                "sha256:eb82c5e3e56209074766e6885bb04b8c38a0c015d0a30036ebe7ece34c9989e9"
            ],
            "markers": "python_version >= '3.7'",
            "version": "==24.0"
        },
        "pathspec": {
            "hashes": [
                "sha256:a0d503e138a4c123b27490a4f7beda6a01c6f288df0e4a8b79c7eb0dc7b4cc08",
                "sha256:a482d51503a1ab33b1c67a6c3813a26953dbdc71c31dacaef9a838c4e29f5712"
            ],
            "markers": "python_version >= '3.8'",
            "version": "==0.12.1"
        },
        "platformdirs": {
            "hashes": [
                "sha256:0614df2a2f37e1a662acbd8e2b25b92ccf8632929bc6d43467e17fe89c75e068",
                "sha256:ef0cc731df711022c174543cb70a9b5bd22e5a9337c8624ef2c2ceb8ddad8768"
            ],
            "markers": "python_version >= '3.8'",
            "version": "==4.2.0"
        },
        "pluggy": {
            "hashes": [
                "sha256:2cffa88e94fdc978c4c574f15f9e59b7f4201d439195c3715ca9e2486f1d0cf1",
                "sha256:44e1ad92c8ca002de6377e165f3e0f1be63266ab4d554740532335b9d75ea669"
            ],
            "markers": "python_version >= '3.8'",
            "version": "==1.5.0"
        },
        "py": {
            "hashes": [
                "sha256:51c75c4126074b472f746a24399ad32f6053d1b34b68d2fa41e558e6f4a98719",
                "sha256:607c53218732647dff4acdfcd50cb62615cedf612e72d1724fb1a0cc6405b378"
            ],
            "markers": "python_version >= '2.7' and python_version not in '3.0, 3.1, 3.2, 3.3, 3.4'",
            "version": "==1.11.0"
        },
        "pylint": {
            "hashes": [
                "sha256:507a5b60953874766d8a366e8e8c7af63e058b26345cfcb5f91f89d987fd6b74",
                "sha256:6a69beb4a6f63debebaab0a3477ecd0f559aa726af4954fc948c51f7a2549e23"
            ],
            "index": "pypi",
            "version": "==3.1.0"
        },
        "pytest": {
            "hashes": [
                "sha256:13d0e3ccfc2b6e26be000cb6568c832ba67ba32e719443bfe725814d3c42433c",
                "sha256:a06a0425453864a270bc45e71f783330a7428defb4230fb5e6a731fde06ecd45"
            ],
            "index": "pypi",
            "version": "==7.1.2"
        },
        "toml": {
            "hashes": [
                "sha256:806143ae5bfb6a3c6e736a764057db0e6a0e05e338b5630894a5f779cabb4f9b",
                "sha256:b3bda1d108d5dd99f4a20d24d9c348e91c4db7ab1b749200bded2f839ccbe68f"
            ],
            "markers": "python_version >= '2.6' and python_version not in '3.0, 3.1, 3.2, 3.3'",
            "version": "==0.10.2"
        },
        "tomli": {
            "hashes": [
                "sha256:939de3e7a6161af0c887ef91b7d41a53e7c5a1ca976325f429cb46ea9bc30ecc",
                "sha256:de526c12914f0c550d15924c62d72abc48d6fe7364aa87328337a31007fe8a4f"
            ],
            "markers": "python_version >= '3.7'",
            "version": "==2.0.1"
        },
        "tomlkit": {
            "hashes": [
                "sha256:5cd82d48a3dd89dee1f9d64420aa20ae65cfbd00668d6f094d7578a78efbb77b",
                "sha256:7ca1cfc12232806517a8515047ba66a19369e71edf2439d0f5824f91032b6cc3"
            ],
            "markers": "python_version >= '3.7'",
            "version": "==0.12.4"
        },
        "typing-extensions": {
            "hashes": [
                "sha256:83f085bd5ca59c80295fc2a82ab5dac679cbe02b9f33f7d83af68e241bea51b0",
                "sha256:c1f94d72897edaf4ce775bb7558d5b79d8126906a14ea5ed1635921406c0387a"
            ],
            "markers": "python_version >= '3.8'",
            "version": "==4.11.0"
        }
    }
}
